schema: '2.0'
stages:
  train:
    cmd: python pretrained_model_tuner.py
    deps:
    - path: hymenoptera_data/
      md5: 5541a96fc6b9ced1bfc39f068d9e8a4f.dir
      size: 47385924
      nfiles: 398
    - path: pretrained_model_tuner.py
      md5: 044038b1581501052570b81eab0d8f51
      size: 7224
    params:
      params.yaml:
        batch_size: 8
        lr: 0.1
        model_name: squeezenet
        momentum: 0.09
        num_classes: 2
        num_epochs: 2
    outs:
    - path: model.pt
      md5: 47bda86626e2fb0b14c359f0cb5b7e33
      size: 2960989
    - path: results/metrics.json
      md5: bc7bbed365e8ba16f7d903fa30e9305c
      size: 193
