schema: '2.0'
stages:
  train:
    cmd: python pretrained_model_tuner.py
    deps:
    - path: hymenoptera_data/
      md5: 5541a96fc6b9ced1bfc39f068d9e8a4f.dir
      size: 47385924
      nfiles: 398
    - path: pretrained_model_tuner.py
      md5: 6a7177cbfc33bcbe3e0c28d0b9755166
      size: 7161
    params:
      params.yaml:
        batch_size: 10
        lr: 0.01
        model_name: alexnet
        momentum: 0.15
        num_classes: 2
        num_epochs: 2
    outs:
    - path: model.pt
      md5: 9ff9450898936eb665e3ea77beca35fe
      size: 228052625
    - path: results.json
      md5: ce0196eefa90897f4995d58221ee7d22
      size: 104
